
Microsoft Visual Studio Solution File, Format Version 12.00
# Visual Studio Version 16
VisualStudioVersion = 16.0.30907.101
MinimumVisualStudioVersion = 10.0.40219.1
Project("{FAE04EC0-301F-11D3-BF4B-00C04F79EFBC}") = "24HourProject.WebAPI", "24HourProject\24HourProject.WebAPI.csproj", "{347E0109-70A1-49C9-99A0-A56A70DC7670}"
EndProject
Project("{FAE04EC0-301F-11D3-BF4B-00C04F79EFBC}") = "24HourProject.Data", "24HourProject.Data\24HourProject.Data.csproj", "{160533B0-3EC8-4003-B652-26DB010CB5E2}"
EndProject
Project("{FAE04EC0-301F-11D3-BF4B-00C04F79EFBC}") = "24HourProject.Models", "24HourProject.Models\24HourProject.Models.csproj", "{954D1CFD-B7B5-4793-9E4E-E4E98836D9A1}"
EndProject
Project("{FAE04EC0-301F-11D3-BF4B-00C04F79EFBC}") = "24HourProject.Services", "24HourProject.Services\24HourProject.Services.csproj", "{9E831778-B879-4432-97E3-D7C07D52C25F}"
EndProject
Project("{2150E333-8FDC-42A3-9474-1A3956D46DE8}") = "Solution Items", "Solution Items", "{A04A3951-59FE-4675-A353-E9010EB5123E}"
	ProjectSection(SolutionItems) = preProject
		.editorconfig = .editorconfig
	EndProjectSection
EndProject
Global
	GlobalSection(SolutionConfigurationPlatforms) = preSolution
		Debug|Any CPU = Debug|Any CPU
		Release|Any CPU = Release|Any CPU
	EndGlobalSection
	GlobalSection(ProjectConfigurationPlatforms) = postSolution
		{347E0109-70A1-49C9-99A0-A56A70DC7670}.Debug|Any CPU.ActiveCfg = Debug|Any CPU
		{347E0109-70A1-49C9-99A0-A56A70DC7670}.Debug|Any CPU.Build.0 = Debug|Any CPU
		{347E0109-70A1-49C9-99A0-A56A70DC7670}.Release|Any CPU.ActiveCfg = Release|Any CPU
		{347E0109-70A1-49C9-99A0-A56A70DC7670}.Release|Any CPU.Build.0 = Release|Any CPU
		{160533B0-3EC8-4003-B652-26DB010CB5E2}.Debug|Any CPU.ActiveCfg = Debug|Any CPU
		{160533B0-3EC8-4003-B652-26DB010CB5E2}.Debug|Any CPU.Build.0 = Debug|Any CPU
		{160533B0-3EC8-4003-B652-26DB010CB5E2}.Release|Any CPU.ActiveCfg = Release|Any CPU
		{160533B0-3EC8-4003-B652-26DB010CB5E2}.Release|Any CPU.Build.0 = Release|Any CPU
		{954D1CFD-B7B5-4793-9E4E-E4E98836D9A1}.Debug|Any CPU.ActiveCfg = Debug|Any CPU
		{954D1CFD-B7B5-4793-9E4E-E4E98836D9A1}.Debug|Any CPU.Build.0 = Debug|Any CPU
		{954D1CFD-B7B5-4793-9E4E-E4E98836D9A1}.Release|Any CPU.ActiveCfg = Release|Any CPU
		{954D1CFD-B7B5-4793-9E4E-E4E98836D9A1}.Release|Any CPU.Build.0 = Release|Any CPU
		{9E831778-B879-4432-97E3-D7C07D52C25F}.Debug|Any CPU.ActiveCfg = Debug|Any CPU
		{9E831778-B879-4432-97E3-D7C07D52C25F}.Debug|Any CPU.Build.0 = Debug|Any CPU
		{9E831778-B879-4432-97E3-D7C07D52C25F}.Release|Any CPU.ActiveCfg = Release|Any CPU
		{9E831778-B879-4432-97E3-D7C07D52C25F}.Release|Any CPU.Build.0 = Release|Any CPU
	EndGlobalSection
	GlobalSection(SolutionProperties) = preSolution
		HideSolutionNode = FALSE
	EndGlobalSection
	GlobalSection(ExtensibilityGlobals) = postSolution
		SolutionGuid = {86E3D7B1-DE87-4481-A2D4-64DBE285D18F}
	EndGlobalSection
EndGlobal
